
Microsoft Visual Studio Solution File, Format Version 10.00
# Visual Studio 2008
Project("{8BC9CEB8-8B4A-11D0-8D11-00A0C91BC942}") = "GOST28147", "GOST28147\GOST28147.vcproj", "{4A726FC8-2AD3-4604-9503-44B2E76CFC8E}"
EndProject
Project("{8BC9CEB8-8B4A-11D0-8D11-00A0C91BC942}") = "Database", "Database\Database.vcproj", "{482220B5-A546-414F-82A9-4B6415383E36}"
	ProjectSection(ProjectDependencies) = postProject
		{4A726FC8-2AD3-4604-9503-44B2E76CFC8E} = {4A726FC8-2AD3-4604-9503-44B2E76CFC8E}
	EndProjectSection
EndProject
Global
	GlobalSection(SolutionConfigurationPlatforms) = preSolution
		Debug|Win32 = Debug|Win32
		Release|Win32 = Release|Win32
	EndGlobalSection
	GlobalSection(ProjectConfigurationPlatforms) = postSolution
		{4A726FC8-2AD3-4604-9503-44B2E76CFC8E}.Debug|Win32.ActiveCfg = Debug|Win32
		{4A726FC8-2AD3-4604-9503-44B2E76CFC8E}.Debug|Win32.Build.0 = Debug|Win32
		{4A726FC8-2AD3-4604-9503-44B2E76CFC8E}.Release|Win32.ActiveCfg = Release|Win32
		{4A726FC8-2AD3-4604-9503-44B2E76CFC8E}.Release|Win32.Build.0 = Release|Win32
		{482220B5-A546-414F-82A9-4B6415383E36}.Debug|Win32.ActiveCfg = Debug|Win32
		{482220B5-A546-414F-82A9-4B6415383E36}.Debug|Win32.Build.0 = Debug|Win32
		{482220B5-A546-414F-82A9-4B6415383E36}.Release|Win32.ActiveCfg = Release|Win32
		{482220B5-A546-414F-82A9-4B6415383E36}.Release|Win32.Build.0 = Release|Win32
	EndGlobalSection
	GlobalSection(SolutionProperties) = preSolution
		HideSolutionNode = FALSE
	EndGlobalSection
EndGlobal
